
Microsoft Visual Studio Solution File, Format Version 12.00
# Visual Studio Version 16
VisualStudioVersion = 16.0.31112.23
MinimumVisualStudioVersion = 10.0.40219.1
Project("{9A19103F-16F7-4668-BE54-9A1E7A4F7556}") = "Hroads", "WebApplication1\Hroads.csproj", "{E79EBCBF-76E2-466B-8C3A-BC3622E3AC8B}"
EndProject
Global
	GlobalSection(SolutionConfigurationPlatforms) = preSolution
		Debug|Any CPU = Debug|Any CPU
		Release|Any CPU = Release|Any CPU
	EndGlobalSection
	GlobalSection(ProjectConfigurationPlatforms) = postSolution
		{E79EBCBF-76E2-466B-8C3A-BC3622E3AC8B}.Debug|Any CPU.ActiveCfg = Debug|Any CPU
		{E79EBCBF-76E2-466B-8C3A-BC3622E3AC8B}.Debug|Any CPU.Build.0 = Debug|Any CPU
		{E79EBCBF-76E2-466B-8C3A-BC3622E3AC8B}.Release|Any CPU.ActiveCfg = Release|Any CPU
		{E79EBCBF-76E2-466B-8C3A-BC3622E3AC8B}.Release|Any CPU.Build.0 = Release|Any CPU
	EndGlobalSection
	GlobalSection(SolutionProperties) = preSolution
		HideSolutionNode = FALSE
	EndGlobalSection
	GlobalSection(ExtensibilityGlobals) = postSolution
		SolutionGuid = {153F9C75-1FD7-4F3E-9F0C-8D921893AD34}
	EndGlobalSection
EndGlobal
