
Microsoft Visual Studio Solution File, Format Version 12.00
# Visual Studio Version 16
VisualStudioVersion = 16.0.31112.23
MinimumVisualStudioVersion = 10.0.40219.1
Project("{FAE04EC0-301F-11D3-BF4B-00C04F79EFBC}") = "senai_spMedicalGroup_webApi", "senai_spMedicalGroup_webApi\senai_spMedicalGroup_webApi.csproj", "{037A227A-957A-4641-867A-641402D84F27}"
EndProject
Global
	GlobalSection(SolutionConfigurationPlatforms) = preSolution
		Debug|Any CPU = Debug|Any CPU
		Release|Any CPU = Release|Any CPU
	EndGlobalSection
	GlobalSection(ProjectConfigurationPlatforms) = postSolution
		{037A227A-957A-4641-867A-641402D84F27}.Debug|Any CPU.ActiveCfg = Debug|Any CPU
		{037A227A-957A-4641-867A-641402D84F27}.Debug|Any CPU.Build.0 = Debug|Any CPU
		{037A227A-957A-4641-867A-641402D84F27}.Release|Any CPU.ActiveCfg = Release|Any CPU
		{037A227A-957A-4641-867A-641402D84F27}.Release|Any CPU.Build.0 = Release|Any CPU
	EndGlobalSection
	GlobalSection(SolutionProperties) = preSolution
		HideSolutionNode = FALSE
	EndGlobalSection
	GlobalSection(ExtensibilityGlobals) = postSolution
		SolutionGuid = {93431FDC-708B-4446-A714-8CDD161441A4}
	EndGlobalSection
EndGlobal
